github.com/yawning/bulb v0.0.0-20170405033506-85d80d893c3d h1:74VDH65v2A5bu/HCyrRpGJ8tEZ6PY2MXUMDh9YilfPs=
github.com/yawning/bulb v0.0.0-20170405033506-85d80d893c3d/go.mod h1:2ickkGiASLFhjpaFnwRS1qr2yaY7EgGk73v+DIOL5Bo=
golang.org/x/net v0.0.0-20190110200230-915654e7eabc h1:Yx9JGxI1SBhVLFjpAkWMaO1TF+xyqtHLjZpvQboJGiM=
golang.org/x/net v0.0.0-20190110200230-915654e7eabc/go.mod h1:mL1N/T3taQHkDXs73rZJwtUhF3w3ftmwwsq0BUmARs4=
